// !$*UTF8*$!
{
	archiveVersion = 1;
	classes = {
	};
	objectVersion = 55;
	objects = {

/* Begin PBXBuildFile section */
		1F4EF3DE2887D6B10056E693 /* EatTheFrogApp.swift in Sources */ = {isa = PBXBuildFile; fileRef = 1F4EF3DD2887D6B10056E693 /* EatTheFrogApp.swift */; };
		1F4EF3E02887D6B10056E693 /* ContentView.swift in Sources */ = {isa = PBXBuildFile; fileRef = 1F4EF3DF2887D6B10056E693 /* ContentView.swift */; };
		1F4EF3E22887D6B30056E693 /* Assets.xcassets in Resources */ = {isa = PBXBuildFile; fileRef = 1F4EF3E12887D6B30056E693 /* Assets.xcassets */; };
		1F4EF3E52887D6B30056E693 /* Preview Assets.xcassets in Resources */ = {isa = PBXBuildFile; fileRef = 1F4EF3E42887D6B30056E693 /* Preview Assets.xcassets */; };
		1F4EF45B2888551B0056E693 /* TaskCardView.swift in Sources */ = {isa = PBXBuildFile; fileRef = 1F4EF45A2888551B0056E693 /* TaskCardView.swift */; };
		1F4EF45D288934360056E693 /* HomeView.swift in Sources */ = {isa = PBXBuildFile; fileRef = 1F4EF45C288934360056E693 /* HomeView.swift */; };
		1F4EF45F288934820056E693 /* GoalsView.swift in Sources */ = {isa = PBXBuildFile; fileRef = 1F4EF45E288934820056E693 /* GoalsView.swift */; };
		1F4EF463288937470056E693 /* Mapping.xcdatamodeld in Sources */ = {isa = PBXBuildFile; fileRef = 1F4EF461288937470056E693 /* Mapping.xcdatamodeld */; };
		1F4EF46C288D0E220056E693 /* EatTheFrogViewModel.swift in Sources */ = {isa = PBXBuildFile; fileRef = 1F4EF46B288D0E220056E693 /* EatTheFrogViewModel.swift */; };
		1F4EF46E288D2E590056E693 /* AddGoalsSheetView.swift in Sources */ = {isa = PBXBuildFile; fileRef = 1F4EF46D288D2E590056E693 /* AddGoalsSheetView.swift */; };
		1F4EF472288D32C40056E693 /* Goal.swift in Sources */ = {isa = PBXBuildFile; fileRef = 1F4EF471288D32C40056E693 /* Goal.swift */; };
		1F946587288E9AE300136252 /* GoalDetailSheet.swift in Sources */ = {isa = PBXBuildFile; fileRef = 1F946586288E9AE300136252 /* GoalDetailSheet.swift */; };
		1F94658A28902CBB00136252 /* DoneCardView.swift in Sources */ = {isa = PBXBuildFile; fileRef = 1F94658928902CBB00136252 /* DoneCardView.swift */; };
		1F94658C289033BA00136252 /* FalseCardView.swift in Sources */ = {isa = PBXBuildFile; fileRef = 1F94658B289033BA00136252 /* FalseCardView.swift */; };
		1F94658F28913AE000136252 /* QuoteKit in Frameworks */ = {isa = PBXBuildFile; productRef = 1F94658E28913AE000136252 /* QuoteKit */; };
		1F94659328913D9100136252 /* QuotesViewModel.swift in Sources */ = {isa = PBXBuildFile; fileRef = 1F94659228913D9100136252 /* QuotesViewModel.swift */; };
/* End PBXBuildFile section */

/* Begin PBXFileReference section */
		1F4EF3DA2887D6B10056E693 /* EatTheFrog.app */ = {isa = PBXFileReference; explicitFileType = wrapper.application; includeInIndex = 0; path = EatTheFrog.app; sourceTree = BUILT_PRODUCTS_DIR; };
		1F4EF3DD2887D6B10056E693 /* EatTheFrogApp.swift */ = {isa = PBXFileReference; lastKnownFileType = sourcecode.swift; path = EatTheFrogApp.swift; sourceTree = "<group>"; };
		1F4EF3DF2887D6B10056E693 /* ContentView.swift */ = {isa = PBXFileReference; lastKnownFileType = sourcecode.swift; path = ContentView.swift; sourceTree = "<group>"; };
		1F4EF3E12887D6B30056E693 /* Assets.xcassets */ = {isa = PBXFileReference; lastKnownFileType = folder.assetcatalog; path = Assets.xcassets; sourceTree = "<group>"; };
		1F4EF3E42887D6B30056E693 /* Preview Assets.xcassets */ = {isa = PBXFileReference; lastKnownFileType = folder.assetcatalog; path = "Preview Assets.xcassets"; sourceTree = "<group>"; };
		1F4EF45A2888551B0056E693 /* TaskCardView.swift */ = {isa = PBXFileReference; lastKnownFileType = sourcecode.swift; path = TaskCardView.swift; sourceTree = "<group>"; };
		1F4EF45C288934360056E693 /* HomeView.swift */ = {isa = PBXFileReference; lastKnownFileType = sourcecode.swift; path = HomeView.swift; sourceTree = "<group>"; };
		1F4EF45E288934820056E693 /* GoalsView.swift */ = {isa = PBXFileReference; lastKnownFileType = sourcecode.swift; path = GoalsView.swift; sourceTree = "<group>"; };
		1F4EF462288937470056E693 /* Mapping.xcdatamodel */ = {isa = PBXFileReference; lastKnownFileType = wrapper.xcdatamodel; path = Mapping.xcdatamodel; sourceTree = "<group>"; };
		1F4EF46B288D0E220056E693 /* EatTheFrogViewModel.swift */ = {isa = PBXFileReference; lastKnownFileType = sourcecode.swift; path = EatTheFrogViewModel.swift; sourceTree = "<group>"; };
		1F4EF46D288D2E590056E693 /* AddGoalsSheetView.swift */ = {isa = PBXFileReference; lastKnownFileType = sourcecode.swift; path = AddGoalsSheetView.swift; sourceTree = "<group>"; };
		1F4EF471288D32C40056E693 /* Goal.swift */ = {isa = PBXFileReference; lastKnownFileType = sourcecode.swift; path = Goal.swift; sourceTree = "<group>"; };
		1F946586288E9AE300136252 /* GoalDetailSheet.swift */ = {isa = PBXFileReference; lastKnownFileType = sourcecode.swift; path = GoalDetailSheet.swift; sourceTree = "<group>"; };
		1F94658928902CBB00136252 /* DoneCardView.swift */ = {isa = PBXFileReference; lastKnownFileType = sourcecode.swift; path = DoneCardView.swift; sourceTree = "<group>"; };
		1F94658B289033BA00136252 /* FalseCardView.swift */ = {isa = PBXFileReference; lastKnownFileType = sourcecode.swift; path = FalseCardView.swift; sourceTree = "<group>"; };
		1F94659228913D9100136252 /* QuotesViewModel.swift */ = {isa = PBXFileReference; lastKnownFileType = sourcecode.swift; path = QuotesViewModel.swift; sourceTree = "<group>"; };
/* End PBXFileReference section */

/* Begin PBXFrameworksBuildPhase section */
		1F4EF3D72887D6B10056E693 /* Frameworks */ = {
			isa = PBXFrameworksBuildPhase;
			buildActionMask = 2147483647;
			files = (
				1F94658F28913AE000136252 /* QuoteKit in Frameworks */,
			);
			runOnlyForDeploymentPostprocessing = 0;
		};
/* End PBXFrameworksBuildPhase section */

/* Begin PBXGroup section */
		1F4EF3D12887D6B10056E693 = {
			isa = PBXGroup;
			children = (
				1F4EF3DC2887D6B10056E693 /* EatTheFrog */,
				1F4EF3DB2887D6B10056E693 /* Products */,
			);
			sourceTree = "<group>";
		};
		1F4EF3DB2887D6B10056E693 /* Products */ = {
			isa = PBXGroup;
			children = (
				1F4EF3DA2887D6B10056E693 /* EatTheFrog.app */,
			);
			name = Products;
			sourceTree = "<group>";
		};
		1F4EF3DC2887D6B10056E693 /* EatTheFrog */ = {
			isa = PBXGroup;
			children = (
				1F4EF468288D0D8A0056E693 /* ViewModel */,
				1F4EF46728893AA30056E693 /* View */,
				1F4EF460288937270056E693 /* Model */,
				1F4EF3E12887D6B30056E693 /* Assets.xcassets */,
				1F4EF3E32887D6B30056E693 /* Preview Content */,
			);
			path = EatTheFrog;
			sourceTree = "<group>";
		};
		1F4EF3E32887D6B30056E693 /* Preview Content */ = {
			isa = PBXGroup;
			children = (
				1F4EF3E42887D6B30056E693 /* Preview Assets.xcassets */,
			);
			path = "Preview Content";
			sourceTree = "<group>";
		};
		1F4EF460288937270056E693 /* Model */ = {
			isa = PBXGroup;
			children = (
				1F4EF461288937470056E693 /* Mapping.xcdatamodeld */,
				1F4EF471288D32C40056E693 /* Goal.swift */,
			);
			path = Model;
			sourceTree = "<group>";
		};
		1F4EF46728893AA30056E693 /* View */ = {
			isa = PBXGroup;
			children = (
				1F94658828902C9B00136252 /* Home Card */,
				1F4EF3DD2887D6B10056E693 /* EatTheFrogApp.swift */,
				1F4EF3DF2887D6B10056E693 /* ContentView.swift */,
				1F4EF45C288934360056E693 /* HomeView.swift */,
				1F4EF45E288934820056E693 /* GoalsView.swift */,
				1F4EF46D288D2E590056E693 /* AddGoalsSheetView.swift */,
				1F946586288E9AE300136252 /* GoalDetailSheet.swift */,
			);
			path = View;
			sourceTree = "<group>";
		};
		1F4EF468288D0D8A0056E693 /* ViewModel */ = {
			isa = PBXGroup;
			children = (
				1F4EF46B288D0E220056E693 /* EatTheFrogViewModel.swift */,
				1F94659228913D9100136252 /* QuotesViewModel.swift */,
			);
			path = ViewModel;
			sourceTree = "<group>";
		};
		1F94658828902C9B00136252 /* Home Card */ = {
			isa = PBXGroup;
			children = (
				1F4EF45A2888551B0056E693 /* TaskCardView.swift */,
				1F94658928902CBB00136252 /* DoneCardView.swift */,
				1F94658B289033BA00136252 /* FalseCardView.swift */,
			);
			path = "Home Card";
			sourceTree = "<group>";
		};
/* End PBXGroup section */

/* Begin PBXNativeTarget section */
		1F4EF3D92887D6B10056E693 /* EatTheFrog */ = {
			isa = PBXNativeTarget;
			buildConfigurationList = 1F4EF3ED2887D6B30056E693 /* Build configuration list for PBXNativeTarget "EatTheFrog" */;
			buildPhases = (
				1F4EF3D62887D6B10056E693 /* Sources */,
				1F4EF3D72887D6B10056E693 /* Frameworks */,
				1F4EF3D82887D6B10056E693 /* Resources */,
			);
			buildRules = (
			);
			dependencies = (
			);
			name = EatTheFrog;
			packageProductDependencies = (
				1F94658E28913AE000136252 /* QuoteKit */,
			);
			productName = EatTheFrog;
			productReference = 1F4EF3DA2887D6B10056E693 /* EatTheFrog.app */;
			productType = "com.apple.product-type.application";
		};
/* End PBXNativeTarget section */

/* Begin PBXProject section */
		1F4EF3D22887D6B10056E693 /* Project object */ = {
			isa = PBXProject;
			attributes = {
				BuildIndependentTargetsInParallel = 1;
				LastSwiftUpdateCheck = 1340;
				LastUpgradeCheck = 1340;
				TargetAttributes = {
					1F4EF3D92887D6B10056E693 = {
						CreatedOnToolsVersion = 13.4.1;
					};
				};
			};
			buildConfigurationList = 1F4EF3D52887D6B10056E693 /* Build configuration list for PBXProject "EatTheFrog" */;
			compatibilityVersion = "Xcode 13.0";
			developmentRegion = en;
			hasScannedForEncodings = 0;
			knownRegions = (
				en,
				Base,
			);
			mainGroup = 1F4EF3D12887D6B10056E693;
			packageReferences = (
				1F94658D28913AE000136252 /* XCRemoteSwiftPackageReference "QuoteKit" */,
			);
			productRefGroup = 1F4EF3DB2887D6B10056E693 /* Products */;
			projectDirPath = "";
			projectRoot = "";
			targets = (
				1F4EF3D92887D6B10056E693 /* EatTheFrog */,
			);
		};
/* End PBXProject section */

/* Begin PBXResourcesBuildPhase section */
		1F4EF3D82887D6B10056E693 /* Resources */ = {
			isa = PBXResourcesBuildPhase;
			buildActionMask = 2147483647;
			files = (
				1F4EF3E52887D6B30056E693 /* Preview Assets.xcassets in Resources */,
				1F4EF3E22887D6B30056E693 /* Assets.xcassets in Resources */,
			);
			runOnlyForDeploymentPostprocessing = 0;
		};
/* End PBXResourcesBuildPhase section */

/* Begin PBXSourcesBuildPhase section */
		1F4EF3D62887D6B10056E693 /* Sources */ = {
			isa = PBXSourcesBuildPhase;
			buildActionMask = 2147483647;
			files = (
				1F4EF463288937470056E693 /* Mapping.xcdatamodeld in Sources */,
				1F4EF45B2888551B0056E693 /* TaskCardView.swift in Sources */,
				1F4EF46C288D0E220056E693 /* EatTheFrogViewModel.swift in Sources */,
				1F94658A28902CBB00136252 /* DoneCardView.swift in Sources */,
				1F94659328913D9100136252 /* QuotesViewModel.swift in Sources */,
				1F4EF45D288934360056E693 /* HomeView.swift in Sources */,
				1F4EF45F288934820056E693 /* GoalsView.swift in Sources */,
				1F4EF46E288D2E590056E693 /* AddGoalsSheetView.swift in Sources */,
				1F4EF3E02887D6B10056E693 /* ContentView.swift in Sources */,
				1F4EF472288D32C40056E693 /* Goal.swift in Sources */,
				1F4EF3DE2887D6B10056E693 /* EatTheFrogApp.swift in Sources */,
				1F94658C289033BA00136252 /* FalseCardView.swift in Sources */,
				1F946587288E9AE300136252 /* GoalDetailSheet.swift in Sources */,
			);
			runOnlyForDeploymentPostprocessing = 0;
		};
/* End PBXSourcesBuildPhase section */

/* Begin XCBuildConfiguration section */
		1F4EF3EB2887D6B30056E693 /* Debug */ = {
			isa = XCBuildConfiguration;
			buildSettings = {
				ALWAYS_SEARCH_USER_PATHS = NO;
				CLANG_ANALYZER_NONNULL = YES;
				CLANG_ANALYZER_NUMBER_OBJECT_CONVERSION = YES_AGGRESSIVE;
				CLANG_CXX_LANGUAGE_STANDARD = "gnu++17";
				CLANG_ENABLE_MODULES = YES;
				CLANG_ENABLE_OBJC_ARC = YES;
				CLANG_ENABLE_OBJC_WEAK = YES;
				CLANG_WARN_BLOCK_CAPTURE_AUTORELEASING = YES;
				CLANG_WARN_BOOL_CONVERSION = YES;
				CLANG_WARN_COMMA = YES;
				CLANG_WARN_CONSTANT_CONVERSION = YES;
				CLANG_WARN_DEPRECATED_OBJC_IMPLEMENTATIONS = YES;
				CLANG_WARN_DIRECT_OBJC_ISA_USAGE = YES_ERROR;
				CLANG_WARN_DOCUMENTATION_COMMENTS = YES;
				CLANG_WARN_EMPTY_BODY = YES;
				CLANG_WARN_ENUM_CONVERSION = YES;
				CLANG_WARN_INFINITE_RECURSION = YES;
				CLANG_WARN_INT_CONVERSION = YES;
				CLANG_WARN_NON_LITERAL_NULL_CONVERSION = YES;
				CLANG_WARN_OBJC_IMPLICIT_RETAIN_SELF = YES;
				CLANG_WARN_OBJC_LITERAL_CONVERSION = YES;
				CLANG_WARN_OBJC_ROOT_CLASS = YES_ERROR;
				CLANG_WARN_QUOTED_INCLUDE_IN_FRAMEWORK_HEADER = YES;
				CLANG_WARN_RANGE_LOOP_ANALYSIS = YES;
				CLANG_WARN_STRICT_PROTOTYPES = YES;
				CLANG_WARN_SUSPICIOUS_MOVE = YES;
				CLANG_WARN_UNGUARDED_AVAILABILITY = YES_AGGRESSIVE;
				CLANG_WARN_UNREACHABLE_CODE = YES;
				CLANG_WARN__DUPLICATE_METHOD_MATCH = YES;
				COPY_PHASE_STRIP = NO;
				DEBUG_INFORMATION_FORMAT = dwarf;
				ENABLE_STRICT_OBJC_MSGSEND = YES;
				ENABLE_TESTABILITY = YES;
				GCC_C_LANGUAGE_STANDARD = gnu11;
				GCC_DYNAMIC_NO_PIC = NO;
				GCC_NO_COMMON_BLOCKS = YES;
				GCC_OPTIMIZATION_LEVEL = 0;
				GCC_PREPROCESSOR_DEFINITIONS = (
					"DEBUG=1",
					"$(inherited)",
				);
				GCC_WARN_64_TO_32_BIT_CONVERSION = YES;
				GCC_WARN_ABOUT_RETURN_TYPE = YES_ERROR;
				GCC_WARN_UNDECLARED_SELECTOR = YES;
				GCC_WARN_UNINITIALIZED_AUTOS = YES_AGGRESSIVE;
				GCC_WARN_UNUSED_FUNCTION = YES;
				GCC_WARN_UNUSED_VARIABLE = YES;
				IPHONEOS_DEPLOYMENT_TARGET = 15.5;
				MTL_ENABLE_DEBUG_INFO = INCLUDE_SOURCE;
				MTL_FAST_MATH = YES;
				ONLY_ACTIVE_ARCH = YES;
				SDKROOT = iphoneos;
				SWIFT_ACTIVE_COMPILATION_CONDITIONS = DEBUG;
				SWIFT_OPTIMIZATION_LEVEL = "-Onone";
			};
			name = Debug;
		};
		1F4EF3EC2887D6B30056E693 /* Release */ = {
			isa = XCBuildConfiguration;
			buildSettings = {
				ALWAYS_SEARCH_USER_PATHS = NO;
				CLANG_ANALYZER_NONNULL = YES;
				CLANG_ANALYZER_NUMBER_OBJECT_CONVERSION = YES_AGGRESSIVE;
				CLANG_CXX_LANGUAGE_STANDARD = "gnu++17";
				CLANG_ENABLE_MODULES = YES;
				CLANG_ENABLE_OBJC_ARC = YES;
				CLANG_ENABLE_OBJC_WEAK = YES;
				CLANG_WARN_BLOCK_CAPTURE_AUTORELEASING = YES;
				CLANG_WARN_BOOL_CONVERSION = YES;
				CLANG_WARN_COMMA = YES;
				CLANG_WARN_CONSTANT_CONVERSION = YES;
				CLANG_WARN_DEPRECATED_OBJC_IMPLEMENTATIONS = YES;
				CLANG_WARN_DIRECT_OBJC_ISA_USAGE = YES_ERROR;
				CLANG_WARN_DOCUMENTATION_COMMENTS = YES;
				CLANG_WARN_EMPTY_BODY = YES;
				CLANG_WARN_ENUM_CONVERSION = YES;
				CLANG_WARN_INFINITE_RECURSION = YES;
				CLANG_WARN_INT_CONVERSION = YES;
				CLANG_WARN_NON_LITERAL_NULL_CONVERSION = YES;
				CLANG_WARN_OBJC_IMPLICIT_RETAIN_SELF = YES;
				CLANG_WARN_OBJC_LITERAL_CONVERSION = YES;
				CLANG_WARN_OBJC_ROOT_CLASS = YES_ERROR;
				CLANG_WARN_QUOTED_INCLUDE_IN_FRAMEWORK_HEADER = YES;
				CLANG_WARN_RANGE_LOOP_ANALYSIS = YES;
				CLANG_WARN_STRICT_PROTOTYPES = YES;
				CLANG_WARN_SUSPICIOUS_MOVE = YES;
				CLANG_WARN_UNGUARDED_AVAILABILITY = YES_AGGRESSIVE;
				CLANG_WARN_UNREACHABLE_CODE = YES;
				CLANG_WARN__DUPLICATE_METHOD_MATCH = YES;
				COPY_PHASE_STRIP = NO;
				DEBUG_INFORMATION_FORMAT = "dwarf-with-dsym";
				ENABLE_NS_ASSERTIONS = NO;
				ENABLE_STRICT_OBJC_MSGSEND = YES;
				GCC_C_LANGUAGE_STANDARD = gnu11;
				GCC_NO_COMMON_BLOCKS = YES;
				GCC_WARN_64_TO_32_BIT_CONVERSION = YES;
				GCC_WARN_ABOUT_RETURN_TYPE = YES_ERROR;
				GCC_WARN_UNDECLARED_SELECTOR = YES;
				GCC_WARN_UNINITIALIZED_AUTOS = YES_AGGRESSIVE;
				GCC_WARN_UNUSED_FUNCTION = YES;
				GCC_WARN_UNUSED_VARIABLE = YES;
				IPHONEOS_DEPLOYMENT_TARGET = 15.5;
				MTL_ENABLE_DEBUG_INFO = NO;
				MTL_FAST_MATH = YES;
				SDKROOT = iphoneos;
				SWIFT_COMPILATION_MODE = wholemodule;
				SWIFT_OPTIMIZATION_LEVEL = "-O";
				VALIDATE_PRODUCT = YES;
			};
			name = Release;
		};
		1F4EF3EE2887D6B30056E693 /* Debug */ = {
			isa = XCBuildConfiguration;
			buildSettings = {
				ASSETCATALOG_COMPILER_APPICON_NAME = AppIcon;
				ASSETCATALOG_COMPILER_GLOBAL_ACCENT_COLOR_NAME = AccentColor;
				CODE_SIGN_STYLE = Automatic;
				CURRENT_PROJECT_VERSION = 1;
				DEVELOPMENT_ASSET_PATHS = "\"EatTheFrog/Preview Content\"";
				DEVELOPMENT_TEAM = W8LX46G89C;
				ENABLE_PREVIEWS = YES;
				GENERATE_INFOPLIST_FILE = YES;
				INFOPLIST_KEY_UIApplicationSceneManifest_Generation = YES;
				INFOPLIST_KEY_UIApplicationSupportsIndirectInputEvents = YES;
				INFOPLIST_KEY_UILaunchScreen_Generation = YES;
				INFOPLIST_KEY_UISupportedInterfaceOrientations_iPad = "UIInterfaceOrientationPortrait UIInterfaceOrientationPortraitUpsideDown UIInterfaceOrientationLandscapeLeft UIInterfaceOrientationLandscapeRight";
				INFOPLIST_KEY_UISupportedInterfaceOrientations_iPhone = "UIInterfaceOrientationPortrait UIInterfaceOrientationLandscapeLeft UIInterfaceOrientationLandscapeRight";
				LD_RUNPATH_SEARCH_PATHS = (
					"$(inherited)",
					"@executable_path/Frameworks",
				);
				MARKETING_VERSION = 1.0;
				PRODUCT_BUNDLE_IDENTIFIER = com.developer.EatTheFrog;
				PRODUCT_NAME = "$(TARGET_NAME)";
				SWIFT_EMIT_LOC_STRINGS = YES;
				SWIFT_VERSION = 5.0;
				TARGETED_DEVICE_FAMILY = "1,2";
			};
			name = Debug;
		};
		1F4EF3EF2887D6B30056E693 /* Release */ = {
			isa = XCBuildConfiguration;
			buildSettings = {
				ASSETCATALOG_COMPILER_APPICON_NAME = AppIcon;
				ASSETCATALOG_COMPILER_GLOBAL_ACCENT_COLOR_NAME = AccentColor;
				CODE_SIGN_STYLE = Automatic;
				CURRENT_PROJECT_VERSION = 1;
				DEVELOPMENT_ASSET_PATHS = "\"EatTheFrog/Preview Content\"";
				DEVELOPMENT_TEAM = W8LX46G89C;
				ENABLE_PREVIEWS = YES;
				GENERATE_INFOPLIST_FILE = YES;
				INFOPLIST_KEY_UIApplicationSceneManifest_Generation = YES;
				INFOPLIST_KEY_UIApplicationSupportsIndirectInputEvents = YES;
				INFOPLIST_KEY_UILaunchScreen_Generation = YES;
				INFOPLIST_KEY_UISupportedInterfaceOrientations_iPad = "UIInterfaceOrientationPortrait UIInterfaceOrientationPortraitUpsideDown UIInterfaceOrientationLandscapeLeft UIInterfaceOrientationLandscapeRight";
				INFOPLIST_KEY_UISupportedInterfaceOrientations_iPhone = "UIInterfaceOrientationPortrait UIInterfaceOrientationLandscapeLeft UIInterfaceOrientationLandscapeRight";
				LD_RUNPATH_SEARCH_PATHS = (
					"$(inherited)",
					"@executable_path/Frameworks",
				);
				MARKETING_VERSION = 1.0;
				PRODUCT_BUNDLE_IDENTIFIER = com.developer.EatTheFrog;
				PRODUCT_NAME = "$(TARGET_NAME)";
				SWIFT_EMIT_LOC_STRINGS = YES;
				SWIFT_VERSION = 5.0;
				TARGETED_DEVICE_FAMILY = "1,2";
			};
			name = Release;
		};
/* End XCBuildConfiguration section */

/* Begin XCConfigurationList section */
		1F4EF3D52887D6B10056E693 /* Build configuration list for PBXProject "EatTheFrog" */ = {
			isa = XCConfigurationList;
			buildConfigurations = (
				1F4EF3EB2887D6B30056E693 /* Debug */,
				1F4EF3EC2887D6B30056E693 /* Release */,
			);
			defaultConfigurationIsVisible = 0;
			defaultConfigurationName = Release;
		};
		1F4EF3ED2887D6B30056E693 /* Build configuration list for PBXNativeTarget "EatTheFrog" */ = {
			isa = XCConfigurationList;
			buildConfigurations = (
				1F4EF3EE2887D6B30056E693 /* Debug */,
				1F4EF3EF2887D6B30056E693 /* Release */,
			);
			defaultConfigurationIsVisible = 0;
			defaultConfigurationName = Release;
		};
/* End XCConfigurationList section */

/* Begin XCRemoteSwiftPackageReference section */
		1F94658D28913AE000136252 /* XCRemoteSwiftPackageReference "QuoteKit" */ = {
			isa = XCRemoteSwiftPackageReference;
			repositoryURL = "https://github.com/rudrankriyam/QuoteKit.git";
			requirement = {
				kind = upToNextMajorVersion;
				minimumVersion = 1.0.0;
			};
		};
/* End XCRemoteSwiftPackageReference section */

/* Begin XCSwiftPackageProductDependency section */
		1F94658E28913AE000136252 /* QuoteKit */ = {
			isa = XCSwiftPackageProductDependency;
			package = 1F94658D28913AE000136252 /* XCRemoteSwiftPackageReference "QuoteKit" */;
			productName = QuoteKit;
		};
/* End XCSwiftPackageProductDependency section */

/* Begin XCVersionGroup section */
		1F4EF461288937470056E693 /* Mapping.xcdatamodeld */ = {
			isa = XCVersionGroup;
			children = (
				1F4EF462288937470056E693 /* Mapping.xcdatamodel */,
			);
			currentVersion = 1F4EF462288937470056E693 /* Mapping.xcdatamodel */;
			path = Mapping.xcdatamodeld;
			sourceTree = "<group>";
			versionGroupType = wrapper.xcdatamodel;
		};
/* End XCVersionGroup section */
	};
	rootObject = 1F4EF3D22887D6B10056E693 /* Project object */;
}
